
Microsoft Visual Studio Solution File, Format Version 12.00
# Visual Studio Version 17
VisualStudioVersion = 17.0.32014.148
MinimumVisualStudioVersion = 10.0.40219.1
Project("{FAE04EC0-301F-11D3-BF4B-00C04F79EFBC}") = "DisableTaskbar", "DisableTaskbar\DisableTaskbar.csproj", "{6176D93D-7781-486D-83C8-B88150BD2DA6}"
EndProject
Global
	GlobalSection(SolutionConfigurationPlatforms) = preSolution
		Debug|Any CPU = Debug|Any CPU
		Release|Any CPU = Release|Any CPU
	EndGlobalSection
	GlobalSection(ProjectConfigurationPlatforms) = postSolution
		{6176D93D-7781-486D-83C8-B88150BD2DA6}.Debug|Any CPU.ActiveCfg = Debug|Any CPU
		{6176D93D-7781-486D-83C8-B88150BD2DA6}.Debug|Any CPU.Build.0 = Debug|Any CPU
		{6176D93D-7781-486D-83C8-B88150BD2DA6}.Release|Any CPU.ActiveCfg = Release|Any CPU
		{6176D93D-7781-486D-83C8-B88150BD2DA6}.Release|Any CPU.Build.0 = Release|Any CPU
	EndGlobalSection
	GlobalSection(SolutionProperties) = preSolution
		HideSolutionNode = FALSE
	EndGlobalSection
	GlobalSection(ExtensibilityGlobals) = postSolution
		SolutionGuid = {673EA0CF-9055-4C7A-A825-F18A834E2793}
	EndGlobalSection
EndGlobal
